// !$*UTF8*$!
{
	archiveVersion = 1;
	classes = {
	};
	objectVersion = 55;
	objects = {

/* Begin PBXBuildFile section */
		F089AC87270E5A6800EFB057 /* Tests_iOS.swift in Sources */ = {isa = PBXBuildFile; fileRef = F089AC86270E5A6800EFB057 /* Tests_iOS.swift */; };
		F089AC89270E5A6900EFB057 /* Tests_iOSLaunchTests.swift in Sources */ = {isa = PBXBuildFile; fileRef = F089AC88270E5A6900EFB057 /* Tests_iOSLaunchTests.swift */; };
		F089AC93270E5A6900EFB057 /* Tests_macOS.swift in Sources */ = {isa = PBXBuildFile; fileRef = F089AC92270E5A6900EFB057 /* Tests_macOS.swift */; };
		F089AC95270E5A6900EFB057 /* Tests_macOSLaunchTests.swift in Sources */ = {isa = PBXBuildFile; fileRef = F089AC94270E5A6900EFB057 /* Tests_macOSLaunchTests.swift */; };
		F089AC96270E5A6900EFB057 /* test.xcdatamodeld in Sources */ = {isa = PBXBuildFile; fileRef = F089AC6B270E5A6400EFB057 /* test.xcdatamodeld */; };
		F089AC97270E5A6900EFB057 /* test.xcdatamodeld in Sources */ = {isa = PBXBuildFile; fileRef = F089AC6B270E5A6400EFB057 /* test.xcdatamodeld */; };
		F089AC98270E5A6900EFB057 /* testApp.swift in Sources */ = {isa = PBXBuildFile; fileRef = F089AC6D270E5A6400EFB057 /* testApp.swift */; };
		F089AC99270E5A6900EFB057 /* testApp.swift in Sources */ = {isa = PBXBuildFile; fileRef = F089AC6D270E5A6400EFB057 /* testApp.swift */; };
		F089AC9A270E5A6900EFB057 /* ContentView.swift in Sources */ = {isa = PBXBuildFile; fileRef = F089AC6E270E5A6400EFB057 /* ContentView.swift */; };
		F089AC9B270E5A6900EFB057 /* ContentView.swift in Sources */ = {isa = PBXBuildFile; fileRef = F089AC6E270E5A6400EFB057 /* ContentView.swift */; };
		F089AC9C270E5A6900EFB057 /* Persistence.swift in Sources */ = {isa = PBXBuildFile; fileRef = F089AC6F270E5A6400EFB057 /* Persistence.swift */; };
		F089AC9D270E5A6900EFB057 /* Persistence.swift in Sources */ = {isa = PBXBuildFile; fileRef = F089AC6F270E5A6400EFB057 /* Persistence.swift */; };
		F089AC9E270E5A6900EFB057 /* Assets.xcassets in Resources */ = {isa = PBXBuildFile; fileRef = F089AC70270E5A6800EFB057 /* Assets.xcassets */; };
		F089AC9F270E5A6900EFB057 /* Assets.xcassets in Resources */ = {isa = PBXBuildFile; fileRef = F089AC70270E5A6800EFB057 /* Assets.xcassets */; };
/* End PBXBuildFile section */

/* Begin PBXContainerItemProxy section */
		F089AC83270E5A6800EFB057 /* PBXContainerItemProxy */ = {
			isa = PBXContainerItemProxy;
			containerPortal = F089AC66270E5A6300EFB057 /* Project object */;
			proxyType = 1;
			remoteGlobalIDString = F089AC74270E5A6800EFB057;
			remoteInfo = "test (iOS)";
		};
		F089AC8F270E5A6900EFB057 /* PBXContainerItemProxy */ = {
			isa = PBXContainerItemProxy;
			containerPortal = F089AC66270E5A6300EFB057 /* Project object */;
			proxyType = 1;
			remoteGlobalIDString = F089AC7A270E5A6800EFB057;
			remoteInfo = "test (macOS)";
		};
/* End PBXContainerItemProxy section */

/* Begin PBXFileReference section */
		F089AC6C270E5A6400EFB057 /* Shared.xcdatamodel */ = {isa = PBXFileReference; lastKnownFileType = wrapper.xcdatamodel; path = Shared.xcdatamodel; sourceTree = "<group>"; };
		F089AC6D270E5A6400EFB057 /* testApp.swift */ = {isa = PBXFileReference; lastKnownFileType = sourcecode.swift; path = testApp.swift; sourceTree = "<group>"; };
		F089AC6E270E5A6400EFB057 /* ContentView.swift */ = {isa = PBXFileReference; lastKnownFileType = sourcecode.swift; path = ContentView.swift; sourceTree = "<group>"; };
		F089AC6F270E5A6400EFB057 /* Persistence.swift */ = {isa = PBXFileReference; lastKnownFileType = sourcecode.swift; path = Persistence.swift; sourceTree = "<group>"; };
		F089AC70270E5A6800EFB057 /* Assets.xcassets */ = {isa = PBXFileReference; lastKnownFileType = folder.assetcatalog; path = Assets.xcassets; sourceTree = "<group>"; };
		F089AC75270E5A6800EFB057 /* test.app */ = {isa = PBXFileReference; explicitFileType = wrapper.application; includeInIndex = 0; path = test.app; sourceTree = BUILT_PRODUCTS_DIR; };
		F089AC7B270E5A6800EFB057 /* test.app */ = {isa = PBXFileReference; explicitFileType = wrapper.application; includeInIndex = 0; path = test.app; sourceTree = BUILT_PRODUCTS_DIR; };
		F089AC7D270E5A6800EFB057 /* macOS.entitlements */ = {isa = PBXFileReference; lastKnownFileType = text.plist.entitlements; path = macOS.entitlements; sourceTree = "<group>"; };
		F089AC82270E5A6800EFB057 /* Tests iOS.xctest */ = {isa = PBXFileReference; explicitFileType = wrapper.cfbundle; includeInIndex = 0; path = "Tests iOS.xctest"; sourceTree = BUILT_PRODUCTS_DIR; };
		F089AC86270E5A6800EFB057 /* Tests_iOS.swift */ = {isa = PBXFileReference; lastKnownFileType = sourcecode.swift; path = Tests_iOS.swift; sourceTree = "<group>"; };
		F089AC88270E5A6900EFB057 /* Tests_iOSLaunchTests.swift */ = {isa = PBXFileReference; lastKnownFileType = sourcecode.swift; path = Tests_iOSLaunchTests.swift; sourceTree = "<group>"; };
		F089AC8E270E5A6900EFB057 /* Tests macOS.xctest */ = {isa = PBXFileReference; explicitFileType = wrapper.cfbundle; includeInIndex = 0; path = "Tests macOS.xctest"; sourceTree = BUILT_PRODUCTS_DIR; };
		F089AC92270E5A6900EFB057 /* Tests_macOS.swift */ = {isa = PBXFileReference; lastKnownFileType = sourcecode.swift; path = Tests_macOS.swift; sourceTree = "<group>"; };
		F089AC94270E5A6900EFB057 /* Tests_macOSLaunchTests.swift */ = {isa = PBXFileReference; lastKnownFileType = sourcecode.swift; path = Tests_macOSLaunchTests.swift; sourceTree = "<group>"; };
/* End PBXFileReference section */

/* Begin PBXFrameworksBuildPhase section */
		F089AC72270E5A6800EFB057 /* Frameworks */ = {
			isa = PBXFrameworksBuildPhase;
			buildActionMask = 2147483647;
			files = (
			);
			runOnlyForDeploymentPostprocessing = 0;
		};
		F089AC78270E5A6800EFB057 /* Frameworks */ = {
			isa = PBXFrameworksBuildPhase;
			buildActionMask = 2147483647;
			files = (
			);
			runOnlyForDeploymentPostprocessing = 0;
		};
		F089AC7F270E5A6800EFB057 /* Frameworks */ = {
			isa = PBXFrameworksBuildPhase;
			buildActionMask = 2147483647;
			files = (
			);
			runOnlyForDeploymentPostprocessing = 0;
		};
		F089AC8B270E5A6900EFB057 /* Frameworks */ = {
			isa = PBXFrameworksBuildPhase;
			buildActionMask = 2147483647;
			files = (
			);
			runOnlyForDeploymentPostprocessing = 0;
		};
/* End PBXFrameworksBuildPhase section */

/* Begin PBXGroup section */
		F089AC65270E5A6300EFB057 = {
			isa = PBXGroup;
			children = (
				F089AC6A270E5A6400EFB057 /* Shared */,
				F089AC7C270E5A6800EFB057 /* macOS */,
				F089AC85270E5A6800EFB057 /* Tests iOS */,
				F089AC91270E5A6900EFB057 /* Tests macOS */,
				F089AC76270E5A6800EFB057 /* Products */,
			);
			sourceTree = "<group>";
		};
		F089AC6A270E5A6400EFB057 /* Shared */ = {
			isa = PBXGroup;
			children = (
				F089AC6D270E5A6400EFB057 /* testApp.swift */,
				F089AC6E270E5A6400EFB057 /* ContentView.swift */,
				F089AC6F270E5A6400EFB057 /* Persistence.swift */,
				F089AC70270E5A6800EFB057 /* Assets.xcassets */,
				F089AC6B270E5A6400EFB057 /* test.xcdatamodeld */,
			);
			path = Shared;
			sourceTree = "<group>";
		};
		F089AC76270E5A6800EFB057 /* Products */ = {
			isa = PBXGroup;
			children = (
				F089AC75270E5A6800EFB057 /* test.app */,
				F089AC7B270E5A6800EFB057 /* test.app */,
				F089AC82270E5A6800EFB057 /* Tests iOS.xctest */,
				F089AC8E270E5A6900EFB057 /* Tests macOS.xctest */,
			);
			name = Products;
			sourceTree = "<group>";
		};
		F089AC7C270E5A6800EFB057 /* macOS */ = {
			isa = PBXGroup;
			children = (
				F089AC7D270E5A6800EFB057 /* macOS.entitlements */,
			);
			path = macOS;
			sourceTree = "<group>";
		};
		F089AC85270E5A6800EFB057 /* Tests iOS */ = {
			isa = PBXGroup;
			children = (
				F089AC86270E5A6800EFB057 /* Tests_iOS.swift */,
				F089AC88270E5A6900EFB057 /* Tests_iOSLaunchTests.swift */,
			);
			path = "Tests iOS";
			sourceTree = "<group>";
		};
		F089AC91270E5A6900EFB057 /* Tests macOS */ = {
			isa = PBXGroup;
			children = (
				F089AC92270E5A6900EFB057 /* Tests_macOS.swift */,
				F089AC94270E5A6900EFB057 /* Tests_macOSLaunchTests.swift */,
			);
			path = "Tests macOS";
			sourceTree = "<group>";
		};
/* End PBXGroup section */

/* Begin PBXNativeTarget section */
		F089AC74270E5A6800EFB057 /* test (iOS) */ = {
			isa = PBXNativeTarget;
			buildConfigurationList = F089ACA2270E5A6900EFB057 /* Build configuration list for PBXNativeTarget "test (iOS)" */;
			buildPhases = (
				F089AC71270E5A6800EFB057 /* Sources */,
				F089AC72270E5A6800EFB057 /* Frameworks */,
				F089AC73270E5A6800EFB057 /* Resources */,
			);
			buildRules = (
			);
			dependencies = (
			);
			name = "test (iOS)";
			productName = "test (iOS)";
			productReference = F089AC75270E5A6800EFB057 /* test.app */;
			productType = "com.apple.product-type.application";
		};
		F089AC7A270E5A6800EFB057 /* test (macOS) */ = {
			isa = PBXNativeTarget;
			buildConfigurationList = F089ACA5270E5A6900EFB057 /* Build configuration list for PBXNativeTarget "test (macOS)" */;
			buildPhases = (
				F089AC77270E5A6800EFB057 /* Sources */,
				F089AC78270E5A6800EFB057 /* Frameworks */,
				F089AC79270E5A6800EFB057 /* Resources */,
			);
			buildRules = (
			);
			dependencies = (
			);
			name = "test (macOS)";
			productName = "test (macOS)";
			productReference = F089AC7B270E5A6800EFB057 /* test.app */;
			productType = "com.apple.product-type.application";
		};
		F089AC81270E5A6800EFB057 /* Tests iOS */ = {
			isa = PBXNativeTarget;
			buildConfigurationList = F089ACA8270E5A6900EFB057 /* Build configuration list for PBXNativeTarget "Tests iOS" */;
			buildPhases = (
				F089AC7E270E5A6800EFB057 /* Sources */,
				F089AC7F270E5A6800EFB057 /* Frameworks */,
				F089AC80270E5A6800EFB057 /* Resources */,
			);
			buildRules = (
			);
			dependencies = (
				F089AC84270E5A6800EFB057 /* PBXTargetDependency */,
			);
			name = "Tests iOS";
			productName = "Tests iOS";
			productReference = F089AC82270E5A6800EFB057 /* Tests iOS.xctest */;
			productType = "com.apple.product-type.bundle.ui-testing";
		};
		F089AC8D270E5A6900EFB057 /* Tests macOS */ = {
			isa = PBXNativeTarget;
			buildConfigurationList = F089ACAB270E5A6900EFB057 /* Build configuration list for PBXNativeTarget "Tests macOS" */;
			buildPhases = (
				F089AC8A270E5A6900EFB057 /* Sources */,
				F089AC8B270E5A6900EFB057 /* Frameworks */,
				F089AC8C270E5A6900EFB057 /* Resources */,
			);
			buildRules = (
			);
			dependencies = (
				F089AC90270E5A6900EFB057 /* PBXTargetDependency */,
			);
			name = "Tests macOS";
			productName = "Tests macOS";
			productReference = F089AC8E270E5A6900EFB057 /* Tests macOS.xctest */;
			productType = "com.apple.product-type.bundle.ui-testing";
		};
/* End PBXNativeTarget section */

/* Begin PBXProject section */
		F089AC66270E5A6300EFB057 /* Project object */ = {
			isa = PBXProject;
			attributes = {
				BuildIndependentTargetsInParallel = 1;
				LastSwiftUpdateCheck = 1300;
				LastUpgradeCheck = 1300;
				TargetAttributes = {
					F089AC74270E5A6800EFB057 = {
						CreatedOnToolsVersion = 13.0;
					};
					F089AC7A270E5A6800EFB057 = {
						CreatedOnToolsVersion = 13.0;
					};
					F089AC81270E5A6800EFB057 = {
						CreatedOnToolsVersion = 13.0;
						TestTargetID = F089AC74270E5A6800EFB057;
					};
					F089AC8D270E5A6900EFB057 = {
						CreatedOnToolsVersion = 13.0;
						TestTargetID = F089AC7A270E5A6800EFB057;
					};
				};
			};
			buildConfigurationList = F089AC69270E5A6300EFB057 /* Build configuration list for PBXProject "test" */;
			compatibilityVersion = "Xcode 13.0";
			developmentRegion = en;
			hasScannedForEncodings = 0;
			knownRegions = (
				en,
				Base,
			);
			mainGroup = F089AC65270E5A6300EFB057;
			productRefGroup = F089AC76270E5A6800EFB057 /* Products */;
			projectDirPath = "";
			projectRoot = "";
			targets = (
				F089AC74270E5A6800EFB057 /* test (iOS) */,
				F089AC7A270E5A6800EFB057 /* test (macOS) */,
				F089AC81270E5A6800EFB057 /* Tests iOS */,
				F089AC8D270E5A6900EFB057 /* Tests macOS */,
			);
		};
/* End PBXProject section */

/* Begin PBXResourcesBuildPhase section */
		F089AC73270E5A6800EFB057 /* Resources */ = {
			isa = PBXResourcesBuildPhase;
			buildActionMask = 2147483647;
			files = (
				F089AC9E270E5A6900EFB057 /* Assets.xcassets in Resources */,
			);
			runOnlyForDeploymentPostprocessing = 0;
		};
		F089AC79270E5A6800EFB057 /* Resources */ = {
			isa = PBXResourcesBuildPhase;
			buildActionMask = 2147483647;
			files = (
				F089AC9F270E5A6900EFB057 /* Assets.xcassets in Resources */,
			);
			runOnlyForDeploymentPostprocessing = 0;
		};
		F089AC80270E5A6800EFB057 /* Resources */ = {
			isa = PBXResourcesBuildPhase;
			buildActionMask = 2147483647;
			files = (
			);
			runOnlyForDeploymentPostprocessing = 0;
		};
		F089AC8C270E5A6900EFB057 /* Resources */ = {
			isa = PBXResourcesBuildPhase;
			buildActionMask = 2147483647;
			files = (
			);
			runOnlyForDeploymentPostprocessing = 0;
		};
/* End PBXResourcesBuildPhase section */

/* Begin PBXSourcesBuildPhase section */
		F089AC71270E5A6800EFB057 /* Sources */ = {
			isa = PBXSourcesBuildPhase;
			buildActionMask = 2147483647;
			files = (
				F089AC96270E5A6900EFB057 /* test.xcdatamodeld in Sources */,
				F089AC9C270E5A6900EFB057 /* Persistence.swift in Sources */,
				F089AC98270E5A6900EFB057 /* testApp.swift in Sources */,
				F089AC9A270E5A6900EFB057 /* ContentView.swift in Sources */,
			);
			runOnlyForDeploymentPostprocessing = 0;
		};
		F089AC77270E5A6800EFB057 /* Sources */ = {
			isa = PBXSourcesBuildPhase;
			buildActionMask = 2147483647;
			files = (
				F089AC97270E5A6900EFB057 /* test.xcdatamodeld in Sources */,
				F089AC9D270E5A6900EFB057 /* Persistence.swift in Sources */,
				F089AC99270E5A6900EFB057 /* testApp.swift in Sources */,
				F089AC9B270E5A6900EFB057 /* ContentView.swift in Sources */,
			);
			runOnlyForDeploymentPostprocessing = 0;
		};
		F089AC7E270E5A6800EFB057 /* Sources */ = {
			isa = PBXSourcesBuildPhase;
			buildActionMask = 2147483647;
			files = (
				F089AC89270E5A6900EFB057 /* Tests_iOSLaunchTests.swift in Sources */,
				F089AC87270E5A6800EFB057 /* Tests_iOS.swift in Sources */,
			);
			runOnlyForDeploymentPostprocessing = 0;
		};
		F089AC8A270E5A6900EFB057 /* Sources */ = {
			isa = PBXSourcesBuildPhase;
			buildActionMask = 2147483647;
			files = (
				F089AC95270E5A6900EFB057 /* Tests_macOSLaunchTests.swift in Sources */,
				F089AC93270E5A6900EFB057 /* Tests_macOS.swift in Sources */,
			);
			runOnlyForDeploymentPostprocessing = 0;
		};
/* End PBXSourcesBuildPhase section */

/* Begin PBXTargetDependency section */
		F089AC84270E5A6800EFB057 /* PBXTargetDependency */ = {
			isa = PBXTargetDependency;
			target = F089AC74270E5A6800EFB057 /* test (iOS) */;
			targetProxy = F089AC83270E5A6800EFB057 /* PBXContainerItemProxy */;
		};
		F089AC90270E5A6900EFB057 /* PBXTargetDependency */ = {
			isa = PBXTargetDependency;
			target = F089AC7A270E5A6800EFB057 /* test (macOS) */;
			targetProxy = F089AC8F270E5A6900EFB057 /* PBXContainerItemProxy */;
		};
/* End PBXTargetDependency section */

/* Begin XCBuildConfiguration section */
		F089ACA0270E5A6900EFB057 /* Debug */ = {
			isa = XCBuildConfiguration;
			buildSettings = {
				ALWAYS_SEARCH_USER_PATHS = NO;
				CLANG_ANALYZER_NONNULL = YES;
				CLANG_ANALYZER_NUMBER_OBJECT_CONVERSION = YES_AGGRESSIVE;
				CLANG_CXX_LANGUAGE_STANDARD = "gnu++17";
				CLANG_CXX_LIBRARY = "libc++";
				CLANG_ENABLE_MODULES = YES;
				CLANG_ENABLE_OBJC_ARC = YES;
				CLANG_ENABLE_OBJC_WEAK = YES;
				CLANG_WARN_BLOCK_CAPTURE_AUTORELEASING = YES;
				CLANG_WARN_BOOL_CONVERSION = YES;
				CLANG_WARN_COMMA = YES;
				CLANG_WARN_CONSTANT_CONVERSION = YES;
				CLANG_WARN_DEPRECATED_OBJC_IMPLEMENTATIONS = YES;
				CLANG_WARN_DIRECT_OBJC_ISA_USAGE = YES_ERROR;
				CLANG_WARN_DOCUMENTATION_COMMENTS = YES;
				CLANG_WARN_EMPTY_BODY = YES;
				CLANG_WARN_ENUM_CONVERSION = YES;
				CLANG_WARN_INFINITE_RECURSION = YES;
				CLANG_WARN_INT_CONVERSION = YES;
				CLANG_WARN_NON_LITERAL_NULL_CONVERSION = YES;
				CLANG_WARN_OBJC_IMPLICIT_RETAIN_SELF = YES;
				CLANG_WARN_OBJC_LITERAL_CONVERSION = YES;
				CLANG_WARN_OBJC_ROOT_CLASS = YES_ERROR;
				CLANG_WARN_QUOTED_INCLUDE_IN_FRAMEWORK_HEADER = YES;
				CLANG_WARN_RANGE_LOOP_ANALYSIS = YES;
				CLANG_WARN_STRICT_PROTOTYPES = YES;
				CLANG_WARN_SUSPICIOUS_MOVE = YES;
				CLANG_WARN_UNGUARDED_AVAILABILITY = YES_AGGRESSIVE;
				CLANG_WARN_UNREACHABLE_CODE = YES;
				CLANG_WARN__DUPLICATE_METHOD_MATCH = YES;
				COPY_PHASE_STRIP = NO;
				DEBUG_INFORMATION_FORMAT = dwarf;
				ENABLE_STRICT_OBJC_MSGSEND = YES;
				ENABLE_TESTABILITY = YES;
				GCC_C_LANGUAGE_STANDARD = gnu11;
				GCC_DYNAMIC_NO_PIC = NO;
				GCC_NO_COMMON_BLOCKS = YES;
				GCC_OPTIMIZATION_LEVEL = 0;
				GCC_PREPROCESSOR_DEFINITIONS = (
					"DEBUG=1",
					"$(inherited)",
				);
				GCC_WARN_64_TO_32_BIT_CONVERSION = YES;
				GCC_WARN_ABOUT_RETURN_TYPE = YES_ERROR;
				GCC_WARN_UNDECLARED_SELECTOR = YES;
				GCC_WARN_UNINITIALIZED_AUTOS = YES_AGGRESSIVE;
				GCC_WARN_UNUSED_FUNCTION = YES;
				GCC_WARN_UNUSED_VARIABLE = YES;
				MTL_ENABLE_DEBUG_INFO = INCLUDE_SOURCE;
				MTL_FAST_MATH = YES;
				ONLY_ACTIVE_ARCH = YES;
				SWIFT_ACTIVE_COMPILATION_CONDITIONS = DEBUG;
				SWIFT_OPTIMIZATION_LEVEL = "-Onone";
			};
			name = Debug;
		};
		F089ACA1270E5A6900EFB057 /* Release */ = {
			isa = XCBuildConfiguration;
			buildSettings = {
				ALWAYS_SEARCH_USER_PATHS = NO;
				CLANG_ANALYZER_NONNULL = YES;
				CLANG_ANALYZER_NUMBER_OBJECT_CONVERSION = YES_AGGRESSIVE;
				CLANG_CXX_LANGUAGE_STANDARD = "gnu++17";
				CLANG_CXX_LIBRARY = "libc++";
				CLANG_ENABLE_MODULES = YES;
				CLANG_ENABLE_OBJC_ARC = YES;
				CLANG_ENABLE_OBJC_WEAK = YES;
				CLANG_WARN_BLOCK_CAPTURE_AUTORELEASING = YES;
				CLANG_WARN_BOOL_CONVERSION = YES;
				CLANG_WARN_COMMA = YES;
				CLANG_WARN_CONSTANT_CONVERSION = YES;
				CLANG_WARN_DEPRECATED_OBJC_IMPLEMENTATIONS = YES;
				CLANG_WARN_DIRECT_OBJC_ISA_USAGE = YES_ERROR;
				CLANG_WARN_DOCUMENTATION_COMMENTS = YES;
				CLANG_WARN_EMPTY_BODY = YES;
				CLANG_WARN_ENUM_CONVERSION = YES;
				CLANG_WARN_INFINITE_RECURSION = YES;
				CLANG_WARN_INT_CONVERSION = YES;
				CLANG_WARN_NON_LITERAL_NULL_CONVERSION = YES;
				CLANG_WARN_OBJC_IMPLICIT_RETAIN_SELF = YES;
				CLANG_WARN_OBJC_LITERAL_CONVERSION = YES;
				CLANG_WARN_OBJC_ROOT_CLASS = YES_ERROR;
				CLANG_WARN_QUOTED_INCLUDE_IN_FRAMEWORK_HEADER = YES;
				CLANG_WARN_RANGE_LOOP_ANALYSIS = YES;
				CLANG_WARN_STRICT_PROTOTYPES = YES;
				CLANG_WARN_SUSPICIOUS_MOVE = YES;
				CLANG_WARN_UNGUARDED_AVAILABILITY = YES_AGGRESSIVE;
				CLANG_WARN_UNREACHABLE_CODE = YES;
				CLANG_WARN__DUPLICATE_METHOD_MATCH = YES;
				COPY_PHASE_STRIP = NO;
				DEBUG_INFORMATION_FORMAT = "dwarf-with-dsym";
				ENABLE_NS_ASSERTIONS = NO;
				ENABLE_STRICT_OBJC_MSGSEND = YES;
				GCC_C_LANGUAGE_STANDARD = gnu11;
				GCC_NO_COMMON_BLOCKS = YES;
				GCC_WARN_64_TO_32_BIT_CONVERSION = YES;
				GCC_WARN_ABOUT_RETURN_TYPE = YES_ERROR;
				GCC_WARN_UNDECLARED_SELECTOR = YES;
				GCC_WARN_UNINITIALIZED_AUTOS = YES_AGGRESSIVE;
				GCC_WARN_UNUSED_FUNCTION = YES;
				GCC_WARN_UNUSED_VARIABLE = YES;
				MTL_ENABLE_DEBUG_INFO = NO;
				MTL_FAST_MATH = YES;
				SWIFT_COMPILATION_MODE = wholemodule;
				SWIFT_OPTIMIZATION_LEVEL = "-O";
			};
			name = Release;
		};
		F089ACA3270E5A6900EFB057 /* Debug */ = {
			isa = XCBuildConfiguration;
			buildSettings = {
				ASSETCATALOG_COMPILER_APPICON_NAME = AppIcon;
				ASSETCATALOG_COMPILER_GLOBAL_ACCENT_COLOR_NAME = AccentColor;
				CODE_SIGN_STYLE = Automatic;
				CURRENT_PROJECT_VERSION = 1;
				ENABLE_PREVIEWS = YES;
				GENERATE_INFOPLIST_FILE = YES;
				INFOPLIST_KEY_UIApplicationSceneManifest_Generation = YES;
				INFOPLIST_KEY_UIApplicationSupportsIndirectInputEvents = YES;
				INFOPLIST_KEY_UILaunchScreen_Generation = YES;
				INFOPLIST_KEY_UISupportedInterfaceOrientations_iPad = "UIInterfaceOrientationPortrait UIInterfaceOrientationPortraitUpsideDown UIInterfaceOrientationLandscapeLeft UIInterfaceOrientationLandscapeRight";
				INFOPLIST_KEY_UISupportedInterfaceOrientations_iPhone = "UIInterfaceOrientationPortrait UIInterfaceOrientationLandscapeLeft UIInterfaceOrientationLandscapeRight";
				IPHONEOS_DEPLOYMENT_TARGET = 14.0;
				LD_RUNPATH_SEARCH_PATHS = (
					"$(inherited)",
					"@executable_path/Frameworks",
				);
				MARKETING_VERSION = 1.0;
				PRODUCT_BUNDLE_IDENTIFIER = "hack-a-thon.test";
				PRODUCT_NAME = test;
				SDKROOT = iphoneos;
				SWIFT_EMIT_LOC_STRINGS = YES;
				SWIFT_VERSION = 5.0;
				TARGETED_DEVICE_FAMILY = "1,2";
			};
			name = Debug;
		};
		F089ACA4270E5A6900EFB057 /* Release */ = {
			isa = XCBuildConfiguration;
			buildSettings = {
				ASSETCATALOG_COMPILER_APPICON_NAME = AppIcon;
				ASSETCATALOG_COMPILER_GLOBAL_ACCENT_COLOR_NAME = AccentColor;
				CODE_SIGN_STYLE = Automatic;
				CURRENT_PROJECT_VERSION = 1;
				ENABLE_PREVIEWS = YES;
				GENERATE_INFOPLIST_FILE = YES;
				INFOPLIST_KEY_UIApplicationSceneManifest_Generation = YES;
				INFOPLIST_KEY_UIApplicationSupportsIndirectInputEvents = YES;
				INFOPLIST_KEY_UILaunchScreen_Generation = YES;
				INFOPLIST_KEY_UISupportedInterfaceOrientations_iPad = "UIInterfaceOrientationPortrait UIInterfaceOrientationPortraitUpsideDown UIInterfaceOrientationLandscapeLeft UIInterfaceOrientationLandscapeRight";
				INFOPLIST_KEY_UISupportedInterfaceOrientations_iPhone = "UIInterfaceOrientationPortrait UIInterfaceOrientationLandscapeLeft UIInterfaceOrientationLandscapeRight";
				IPHONEOS_DEPLOYMENT_TARGET = 14.0;
				LD_RUNPATH_SEARCH_PATHS = (
					"$(inherited)",
					"@executable_path/Frameworks",
				);
				MARKETING_VERSION = 1.0;
				PRODUCT_BUNDLE_IDENTIFIER = "hack-a-thon.test";
				PRODUCT_NAME = test;
				SDKROOT = iphoneos;
				SWIFT_EMIT_LOC_STRINGS = YES;
				SWIFT_VERSION = 5.0;
				TARGETED_DEVICE_FAMILY = "1,2";
				VALIDATE_PRODUCT = YES;
			};
			name = Release;
		};
		F089ACA6270E5A6900EFB057 /* Debug */ = {
			isa = XCBuildConfiguration;
			buildSettings = {
				ASSETCATALOG_COMPILER_APPICON_NAME = AppIcon;
				ASSETCATALOG_COMPILER_GLOBAL_ACCENT_COLOR_NAME = AccentColor;
				CODE_SIGN_ENTITLEMENTS = macOS/macOS.entitlements;
				CODE_SIGN_STYLE = Automatic;
				COMBINE_HIDPI_IMAGES = YES;
				CURRENT_PROJECT_VERSION = 1;
				ENABLE_PREVIEWS = YES;
				GENERATE_INFOPLIST_FILE = YES;
				INFOPLIST_KEY_NSHumanReadableCopyright = "";
				LD_RUNPATH_SEARCH_PATHS = (
					"$(inherited)",
					"@executable_path/../Frameworks",
				);
				MACOSX_DEPLOYMENT_TARGET = 11.0;
				MARKETING_VERSION = 1.0;
				PRODUCT_BUNDLE_IDENTIFIER = "hack-a-thon.test";
				PRODUCT_NAME = test;
				SDKROOT = macosx;
				SWIFT_EMIT_LOC_STRINGS = YES;
				SWIFT_VERSION = 5.0;
			};
			name = Debug;
		};
		F089ACA7270E5A6900EFB057 /* Release */ = {
			isa = XCBuildConfiguration;
			buildSettings = {
				ASSETCATALOG_COMPILER_APPICON_NAME = AppIcon;
				ASSETCATALOG_COMPILER_GLOBAL_ACCENT_COLOR_NAME = AccentColor;
				CODE_SIGN_ENTITLEMENTS = macOS/macOS.entitlements;
				CODE_SIGN_STYLE = Automatic;
				COMBINE_HIDPI_IMAGES = YES;
				CURRENT_PROJECT_VERSION = 1;
				ENABLE_PREVIEWS = YES;
				GENERATE_INFOPLIST_FILE = YES;
				INFOPLIST_KEY_NSHumanReadableCopyright = "";
				LD_RUNPATH_SEARCH_PATHS = (
					"$(inherited)",
					"@executable_path/../Frameworks",
				);
				MACOSX_DEPLOYMENT_TARGET = 11.0;
				MARKETING_VERSION = 1.0;
				PRODUCT_BUNDLE_IDENTIFIER = "hack-a-thon.test";
				PRODUCT_NAME = test;
				SDKROOT = macosx;
				SWIFT_EMIT_LOC_STRINGS = YES;
				SWIFT_VERSION = 5.0;
			};
			name = Release;
		};
		F089ACA9270E5A6900EFB057 /* Debug */ = {
			isa = XCBuildConfiguration;
			buildSettings = {
				ALWAYS_EMBED_SWIFT_STANDARD_LIBRARIES = YES;
				CODE_SIGN_STYLE = Automatic;
				CURRENT_PROJECT_VERSION = 1;
				GENERATE_INFOPLIST_FILE = YES;
				IPHONEOS_DEPLOYMENT_TARGET = 15.0;
				LD_RUNPATH_SEARCH_PATHS = (
					"$(inherited)",
					"@executable_path/Frameworks",
					"@loader_path/Frameworks",
				);
				MARKETING_VERSION = 1.0;
				PRODUCT_BUNDLE_IDENTIFIER = "hack-a-thon.Tests-iOS";
				PRODUCT_NAME = "$(TARGET_NAME)";
				SDKROOT = iphoneos;
				SWIFT_EMIT_LOC_STRINGS = NO;
				SWIFT_VERSION = 5.0;
				TARGETED_DEVICE_FAMILY = "1,2";
				TEST_TARGET_NAME = "test (iOS)";
			};
			name = Debug;
		};
		F089ACAA270E5A6900EFB057 /* Release */ = {
			isa = XCBuildConfiguration;
			buildSettings = {
				ALWAYS_EMBED_SWIFT_STANDARD_LIBRARIES = YES;
				CODE_SIGN_STYLE = Automatic;
				CURRENT_PROJECT_VERSION = 1;
				GENERATE_INFOPLIST_FILE = YES;
				IPHONEOS_DEPLOYMENT_TARGET = 15.0;
				LD_RUNPATH_SEARCH_PATHS = (
					"$(inherited)",
					"@executable_path/Frameworks",
					"@loader_path/Frameworks",
				);
				MARKETING_VERSION = 1.0;
				PRODUCT_BUNDLE_IDENTIFIER = "hack-a-thon.Tests-iOS";
				PRODUCT_NAME = "$(TARGET_NAME)";
				SDKROOT = iphoneos;
				SWIFT_EMIT_LOC_STRINGS = NO;
				SWIFT_VERSION = 5.0;
				TARGETED_DEVICE_FAMILY = "1,2";
				TEST_TARGET_NAME = "test (iOS)";
				VALIDATE_PRODUCT = YES;
			};
			name = Release;
		};
		F089ACAC270E5A6900EFB057 /* Debug */ = {
			isa = XCBuildConfiguration;
			buildSettings = {
				ALWAYS_EMBED_SWIFT_STANDARD_LIBRARIES = YES;
				CODE_SIGN_STYLE = Automatic;
				COMBINE_HIDPI_IMAGES = YES;
				CURRENT_PROJECT_VERSION = 1;
				GENERATE_INFOPLIST_FILE = YES;
				LD_RUNPATH_SEARCH_PATHS = (
					"$(inherited)",
					"@executable_path/../Frameworks",
					"@loader_path/../Frameworks",
				);
				MACOSX_DEPLOYMENT_TARGET = 11.3;
				MARKETING_VERSION = 1.0;
				PRODUCT_BUNDLE_IDENTIFIER = "hack-a-thon.Tests-macOS";
				PRODUCT_NAME = "$(TARGET_NAME)";
				SDKROOT = macosx;
				SWIFT_EMIT_LOC_STRINGS = NO;
				SWIFT_VERSION = 5.0;
				TEST_TARGET_NAME = "test (macOS)";
			};
			name = Debug;
		};
		F089ACAD270E5A6900EFB057 /* Release */ = {
			isa = XCBuildConfiguration;
			buildSettings = {
				ALWAYS_EMBED_SWIFT_STANDARD_LIBRARIES = YES;
				CODE_SIGN_STYLE = Automatic;
				COMBINE_HIDPI_IMAGES = YES;
				CURRENT_PROJECT_VERSION = 1;
				GENERATE_INFOPLIST_FILE = YES;
				LD_RUNPATH_SEARCH_PATHS = (
					"$(inherited)",
					"@executable_path/../Frameworks",
					"@loader_path/../Frameworks",
				);
				MACOSX_DEPLOYMENT_TARGET = 11.3;
				MARKETING_VERSION = 1.0;
				PRODUCT_BUNDLE_IDENTIFIER = "hack-a-thon.Tests-macOS";
				PRODUCT_NAME = "$(TARGET_NAME)";
				SDKROOT = macosx;
				SWIFT_EMIT_LOC_STRINGS = NO;
				SWIFT_VERSION = 5.0;
				TEST_TARGET_NAME = "test (macOS)";
			};
			name = Release;
		};
/* End XCBuildConfiguration section */

/* Begin XCConfigurationList section */
		F089AC69270E5A6300EFB057 /* Build configuration list for PBXProject "test" */ = {
			isa = XCConfigurationList;
			buildConfigurations = (
				F089ACA0270E5A6900EFB057 /* Debug */,
				F089ACA1270E5A6900EFB057 /* Release */,
			);
			defaultConfigurationIsVisible = 0;
			defaultConfigurationName = Release;
		};
		F089ACA2270E5A6900EFB057 /* Build configuration list for PBXNativeTarget "test (iOS)" */ = {
			isa = XCConfigurationList;
			buildConfigurations = (
				F089ACA3270E5A6900EFB057 /* Debug */,
				F089ACA4270E5A6900EFB057 /* Release */,
			);
			defaultConfigurationIsVisible = 0;
			defaultConfigurationName = Release;
		};
		F089ACA5270E5A6900EFB057 /* Build configuration list for PBXNativeTarget "test (macOS)" */ = {
			isa = XCConfigurationList;
			buildConfigurations = (
				F089ACA6270E5A6900EFB057 /* Debug */,
				F089ACA7270E5A6900EFB057 /* Release */,
			);
			defaultConfigurationIsVisible = 0;
			defaultConfigurationName = Release;
		};
		F089ACA8270E5A6900EFB057 /* Build configuration list for PBXNativeTarget "Tests iOS" */ = {
			isa = XCConfigurationList;
			buildConfigurations = (
				F089ACA9270E5A6900EFB057 /* Debug */,
				F089ACAA270E5A6900EFB057 /* Release */,
			);
			defaultConfigurationIsVisible = 0;
			defaultConfigurationName = Release;
		};
		F089ACAB270E5A6900EFB057 /* Build configuration list for PBXNativeTarget "Tests macOS" */ = {
			isa = XCConfigurationList;
			buildConfigurations = (
				F089ACAC270E5A6900EFB057 /* Debug */,
				F089ACAD270E5A6900EFB057 /* Release */,
			);
			defaultConfigurationIsVisible = 0;
			defaultConfigurationName = Release;
		};
/* End XCConfigurationList section */

/* Begin XCVersionGroup section */
		F089AC6B270E5A6400EFB057 /* test.xcdatamodeld */ = {
			isa = XCVersionGroup;
			children = (
				F089AC6C270E5A6400EFB057 /* Shared.xcdatamodel */,
			);
			currentVersion = F089AC6C270E5A6400EFB057 /* Shared.xcdatamodel */;
			path = test.xcdatamodeld;
			sourceTree = "<group>";
			versionGroupType = wrapper.xcdatamodel;
		};
/* End XCVersionGroup section */
	};
	rootObject = F089AC66270E5A6300EFB057 /* Project object */;
}
